<?xml version="1.0" encoding="utf-8"?>
<Project ToolsVersion="4.0" xmlns="http://schemas.microsoft.com/developer/msbuild/2003">
  <ItemGroup>
    <ClCompile Include="hninnayecho\test.cpp" />
    <ClCompile Include="ImageProcedure.cpp" />
    <ClCompile Include="MyatMyo\MyatMyo.cpp" />
    <ClCompile Include="opencv-starter.cpp" />
    <ClCompile Include="stdafx.cpp" />
  </ItemGroup>
  <ItemGroup>
    <Text Include="ReadMe.txt" />
  </ItemGroup>
  <ItemGroup>
    <ClInclude Include="stdafx.h">
      <Filter>Header Files</Filter>
    </ClInclude>
    <ClInclude Include="targetver.h">
      <Filter>Header Files</Filter>
    </ClInclude>
    <ClInclude Include="ImageProcedure.h">
      <Filter>Header Files</Filter>
    </ClInclude>
    <ClInclude Include="AungMyoHtet\Test.h">
      <Filter>Header Files</Filter>
    </ClInclude>
    <ClInclude Include="MyatMoe\MyatMoe.h">
      <Filter>Header Files</Filter>
    </ClInclude>
    <ClInclude Include="MyatMoe\SmoothingProcessor.h">
    <ClInclude Include="sumyat\SuMyat.h">
      <Filter>Header Files</Filter>
    </ClInclude>
  </ItemGroup>
  <ItemGroup>
    <ClCompile Include="stdafx.cpp">
      <Filter>Source Files</Filter>
    </ClCompile>
    <ClCompile Include="opencv-starter.cpp">
      <Filter>Source Files</Filter>
    </ClCompile>
    <ClCompile Include="ImageProcedure.cpp">
      <Filter>Source Files</Filter>
    </ClCompile>
    <ClCompile Include="AungMyoHtet\Test.cpp">
      <Filter>Source Files</Filter>
    </ClCompile>
    <ClCompile Include="MyatMoe\MyatMoeSource.cpp">
      <Filter>Source Files</Filter>
    </ClCompile>
    <ClCompile Include="MyatMoe\SmoothingProcessor.cpp">
      <Filter>Source Files</Filter>
    </ClCompile>
    <ClInclude Include="AungMyoHtet\Test.h" />
    <ClInclude Include="hninnayecho\hninnayecho.h" />
    <ClInclude Include="ImageProcedure.h" />
    <ClInclude Include="MyatMyo\MyatMyo.h" />
    <ClInclude Include="stdafx.h" />
    <ClInclude Include="targetver.h" />
  </ItemGroup>
  <ItemGroup>
    <Text Include="ReadMe.txt" />
    <ClCompile Include="sumyat\SuMyat.cpp">
      <Filter>Source Files</Filter>
    </ClCompile>
  </ItemGroup>
</Project>