<?xml version="1.0" encoding="utf-8"?>
<Project ToolsVersion="4.0" xmlns="http://schemas.microsoft.com/developer/msbuild/2003">
  <ItemGroup>
    <ClCompile Include="hninnayecho\test.cpp" />
    <ClCompile Include="ImageProcedure.cpp" />
    <ClCompile Include="MyatMoe\MyatMoeSource.cpp" />
    <ClCompile Include="MyatMoe\SmoothingProcessor.cpp" />
    <ClCompile Include="opencv-starter.cpp" />
    <ClCompile Include="stdafx.cpp" />
    <ClCompile Include="sumyat\SuMyat.cpp" />
    <ClCompile Include="MyatMoe\AffineTransformation.cpp" />
    <ClCompile Include="MyatMoe\MotionTrack.cpp" />
    <ClCompile Include="MyatMyo\ContourTracing.cpp" />
    <ClCompile Include="MyatMyo\EdgeDetection.cpp" />
    <ClCompile Include="sumyat\SuMyat_MouseEventSliderTrackBar.cpp" />
  </ItemGroup>
  <ItemGroup>
    <ClInclude Include="AungMyoHtet\Test.h" />
    <ClInclude Include="hninnayecho\hninnayecho.h" />
    <ClInclude Include="ImageProcedure.h" />
    <ClInclude Include="MyatMoe\MyatMoe.h" />
    <ClInclude Include="MyatMoe\SmoothingProcessor.h" />
    <ClInclude Include="stdafx.h" />
    <ClInclude Include="sumyat\SuMyat.h" />
    <ClInclude Include="targetver.h" />
    <ClInclude Include="MyatMyo\ContourTracing.h" />
    <ClInclude Include="MyatMyo\EdgeDetection.h" />
  </ItemGroup>
  <ItemGroup>
    <Text Include="ReadMe.txt" />
  </ItemGroup>
</Project>